// !$*UTF8*$!
{
	archiveVersion = 1;
	classes = {
	};
	objectVersion = 77;
	objects = {

/* Begin PBXBuildFile section */
		562878A12DD22A09005268C6 /* KeychainAccess in Frameworks */ = {isa = PBXBuildFile; productRef = 562878A02DD22A09005268C6 /* KeychainAccess */; };
		5691EE7A2F58CE6600F06FCC /* WidgetKit.framework in Frameworks */ = {isa = PBXBuildFile; fileRef = 56F9F1D42F58CDAE0051D51D /* WidgetKit.framework */; };
		5691EE7B2F58CE6600F06FCC /* SwiftUI.framework in Frameworks */ = {isa = PBXBuildFile; fileRef = 56F9F1D62F58CDAF0051D51D /* SwiftUI.framework */; };
		5691EEF72F58D41E00F06FCC /* KeychainAccess in Frameworks */ = {isa = PBXBuildFile; productRef = 5691EEF62F58D41E00F06FCC /* KeychainAccess */; };
		5691EEFD2F58DB7600F06FCC /* MeteoBlueWidgetExtension.appex in Embed Foundation Extensions */ = {isa = PBXBuildFile; fileRef = 5691EE792F58CE6600F06FCC /* MeteoBlueWidgetExtension.appex */; settings = {ATTRIBUTES = (RemoveHeadersOnCopy, ); }; };
/* End PBXBuildFile section */

/* Begin PBXContainerItemProxy section */
		5691EEFA2F58D9BA00F06FCC /* PBXContainerItemProxy */ = {
			isa = PBXContainerItemProxy;
			containerPortal = 5611DA5D2DCB9CCB00F6A76A /* Project object */;
			proxyType = 1;
			remoteGlobalIDString = 5691EE782F58CE6600F06FCC;
			remoteInfo = MeteoBlueWidgetExtension;
		};
/* End PBXContainerItemProxy section */

/* Begin PBXCopyFilesBuildPhase section */
		5691EEFC2F58D9BA00F06FCC /* Embed Foundation Extensions */ = {
			isa = PBXCopyFilesBuildPhase;
			buildActionMask = 2147483647;
			dstPath = "";
			dstSubfolderSpec = 13;
			files = (
				5691EEFD2F58DB7600F06FCC /* MeteoBlueWidgetExtension.appex in Embed Foundation Extensions */,
			);
			name = "Embed Foundation Extensions";
			runOnlyForDeploymentPostprocessing = 0;
		};
/* End PBXCopyFilesBuildPhase section */

/* Begin PBXFileReference section */
		5611DA652DCB9CCB00F6A76A /* MeteoBlueUI.app */ = {isa = PBXFileReference; explicitFileType = wrapper.application; includeInIndex = 0; path = MeteoBlueUI.app; sourceTree = BUILT_PRODUCTS_DIR; };
		5691EE792F58CE6600F06FCC /* MeteoBlueWidgetExtension.appex */ = {isa = PBXFileReference; explicitFileType = "wrapper.app-extension"; includeInIndex = 0; path = MeteoBlueWidgetExtension.appex; sourceTree = BUILT_PRODUCTS_DIR; };
		56F9F1D42F58CDAE0051D51D /* WidgetKit.framework */ = {isa = PBXFileReference; lastKnownFileType = wrapper.framework; name = WidgetKit.framework; path = System/Library/Frameworks/WidgetKit.framework; sourceTree = SDKROOT; };
		56F9F1D62F58CDAF0051D51D /* SwiftUI.framework */ = {isa = PBXFileReference; lastKnownFileType = wrapper.framework; name = SwiftUI.framework; path = System/Library/Frameworks/SwiftUI.framework; sourceTree = SDKROOT; };
/* End PBXFileReference section */

/* Begin PBXFileSystemSynchronizedBuildFileExceptionSet section */
		5691EE8B2F58CE6600F06FCC /* Exceptions for "MeteoBlueWidget" folder in "MeteoBlueWidgetExtension" target */ = {
			isa = PBXFileSystemSynchronizedBuildFileExceptionSet;
			membershipExceptions = (
				Info.plist,
			);
			target = 5691EE782F58CE6600F06FCC /* MeteoBlueWidgetExtension */;
		};
		5691EE902F58CEA100F06FCC /* Exceptions for "MeteoBlueUI" folder in "MeteoBlueWidgetExtension" target */ = {
			isa = PBXFileSystemSynchronizedBuildFileExceptionSet;
			membershipExceptions = (
				Models/AppError.swift,
				Models/Data/MeteoDataStructs.swift,
				Models/MeteoBlueAPI/MeteoBlueAPI15Min.swift,
				Models/MeteoBlueAPI/MeteoBlueAPICurrentData.swift,
				Models/MeteoBlueAPI/MeteoBlueAPIForecast.swift,
				Models/PictoMapper.swift,
				Models/WeatherLocation.swift,
				Modifiers/AppBackground.swift,
				Modifiers/IfModifier.swift,
				Services/KeychainService.swift,
				Services/MeteoBlueAPIService.swift,
				Services/WidgetDataService.swift,
				View/Components/SymbolView.swift,
			);
			target = 5691EE782F58CE6600F06FCC /* MeteoBlueWidgetExtension */;
		};
/* End PBXFileSystemSynchronizedBuildFileExceptionSet section */

/* Begin PBXFileSystemSynchronizedRootGroup section */
		5611DA672DCB9CCB00F6A76A /* MeteoBlueUI */ = {
			isa = PBXFileSystemSynchronizedRootGroup;
			exceptions = (
				5691EE902F58CEA100F06FCC /* Exceptions for "MeteoBlueUI" folder in "MeteoBlueWidgetExtension" target */,
			);
			path = MeteoBlueUI;
			sourceTree = "<group>";
		};
		5691EE7C2F58CE6600F06FCC /* MeteoBlueWidget */ = {
			isa = PBXFileSystemSynchronizedRootGroup;
			exceptions = (
				5691EE8B2F58CE6600F06FCC /* Exceptions for "MeteoBlueWidget" folder in "MeteoBlueWidgetExtension" target */,
			);
			path = MeteoBlueWidget;
			sourceTree = "<group>";
		};
/* End PBXFileSystemSynchronizedRootGroup section */

/* Begin PBXFrameworksBuildPhase section */
		5611DA622DCB9CCB00F6A76A /* Frameworks */ = {
			isa = PBXFrameworksBuildPhase;
			buildActionMask = 2147483647;
			files = (
				562878A12DD22A09005268C6 /* KeychainAccess in Frameworks */,
			);
			runOnlyForDeploymentPostprocessing = 0;
		};
		5691EE762F58CE6600F06FCC /* Frameworks */ = {
			isa = PBXFrameworksBuildPhase;
			buildActionMask = 2147483647;
			files = (
				5691EE7B2F58CE6600F06FCC /* SwiftUI.framework in Frameworks */,
				5691EE7A2F58CE6600F06FCC /* WidgetKit.framework in Frameworks */,
				5691EEF72F58D41E00F06FCC /* KeychainAccess in Frameworks */,
			);
			runOnlyForDeploymentPostprocessing = 0;
		};
/* End PBXFrameworksBuildPhase section */

/* Begin PBXGroup section */
		5611DA5C2DCB9CCB00F6A76A = {
			isa = PBXGroup;
			children = (
				5611DA672DCB9CCB00F6A76A /* MeteoBlueUI */,
				5691EE7C2F58CE6600F06FCC /* MeteoBlueWidget */,
				56F9F1D32F58CDAE0051D51D /* Frameworks */,
				5611DA662DCB9CCB00F6A76A /* Products */,
			);
			sourceTree = "<group>";
		};
		5611DA662DCB9CCB00F6A76A /* Products */ = {
			isa = PBXGroup;
			children = (
				5611DA652DCB9CCB00F6A76A /* MeteoBlueUI.app */,
				5691EE792F58CE6600F06FCC /* MeteoBlueWidgetExtension.appex */,
			);
			name = Products;
			sourceTree = "<group>";
		};
		56F9F1D32F58CDAE0051D51D /* Frameworks */ = {
			isa = PBXGroup;
			children = (
				56F9F1D42F58CDAE0051D51D /* WidgetKit.framework */,
				56F9F1D62F58CDAF0051D51D /* SwiftUI.framework */,
			);
			name = Frameworks;
			sourceTree = "<group>";
		};
/* End PBXGroup section */

/* Begin PBXNativeTarget section */
		5611DA642DCB9CCB00F6A76A /* MeteoBlueUI */ = {
			isa = PBXNativeTarget;
			buildConfigurationList = 5611DA862DCB9CCC00F6A76A /* Build configuration list for PBXNativeTarget "MeteoBlueUI" */;
			buildPhases = (
				5611DA612DCB9CCB00F6A76A /* Sources */,
				5611DA622DCB9CCB00F6A76A /* Frameworks */,
				5611DA632DCB9CCB00F6A76A /* Resources */,
				5691EEFC2F58D9BA00F06FCC /* Embed Foundation Extensions */,
			);
			buildRules = (
			);
			dependencies = (
				5691EEFB2F58D9BA00F06FCC /* PBXTargetDependency */,
			);
			fileSystemSynchronizedGroups = (
				5611DA672DCB9CCB00F6A76A /* MeteoBlueUI */,
			);
			name = MeteoBlueUI;
			packageProductDependencies = (
				562878A02DD22A09005268C6 /* KeychainAccess */,
			);
			productName = MeteoBlueUI;
			productReference = 5611DA652DCB9CCB00F6A76A /* MeteoBlueUI.app */;
			productType = "com.apple.product-type.application";
		};
		5691EE782F58CE6600F06FCC /* MeteoBlueWidgetExtension */ = {
			isa = PBXNativeTarget;
			buildConfigurationList = 5691EE8C2F58CE6600F06FCC /* Build configuration list for PBXNativeTarget "MeteoBlueWidgetExtension" */;
			buildPhases = (
				5691EE752F58CE6600F06FCC /* Sources */,
				5691EE762F58CE6600F06FCC /* Frameworks */,
				5691EE772F58CE6600F06FCC /* Resources */,
			);
			buildRules = (
			);
			dependencies = (
			);
			fileSystemSynchronizedGroups = (
				5691EE7C2F58CE6600F06FCC /* MeteoBlueWidget */,
			);
			name = MeteoBlueWidgetExtension;
			packageProductDependencies = (
				5691EEF62F58D41E00F06FCC /* KeychainAccess */,
			);
			productName = MeteoBlueWidgetExtension;
			productReference = 5691EE792F58CE6600F06FCC /* MeteoBlueWidgetExtension.appex */;
			productType = "com.apple.product-type.app-extension";
		};
/* End PBXNativeTarget section */

/* Begin PBXProject section */
		5611DA5D2DCB9CCB00F6A76A /* Project object */ = {
			isa = PBXProject;
			attributes = {
				BuildIndependentTargetsInParallel = 1;
				LastSwiftUpdateCheck = 2630;
				LastUpgradeCheck = 2630;
				TargetAttributes = {
					5611DA642DCB9CCB00F6A76A = {
						CreatedOnToolsVersion = 16.3;
					};
					5691EE782F58CE6600F06FCC = {
						CreatedOnToolsVersion = 26.3;
					};
				};
			};
			buildConfigurationList = 5611DA602DCB9CCB00F6A76A /* Build configuration list for PBXProject "MeteoBlueUI" */;
			developmentRegion = fr;
			hasScannedForEncodings = 0;
			knownRegions = (
				en,
				Base,
				fr,
			);
			mainGroup = 5611DA5C2DCB9CCB00F6A76A;
			minimizedProjectReferenceProxies = 1;
			packageReferences = (
				5628789F2DD229E4005268C6 /* XCRemoteSwiftPackageReference "KeychainAccess" */,
			);
			preferredProjectObjectVersion = 77;
			productRefGroup = 5611DA662DCB9CCB00F6A76A /* Products */;
			projectDirPath = "";
			projectRoot = "";
			targets = (
				5611DA642DCB9CCB00F6A76A /* MeteoBlueUI */,
				5691EE782F58CE6600F06FCC /* MeteoBlueWidgetExtension */,
			);
		};
/* End PBXProject section */

/* Begin PBXResourcesBuildPhase section */
		5611DA632DCB9CCB00F6A76A /* Resources */ = {
			isa = PBXResourcesBuildPhase;
			buildActionMask = 2147483647;
			files = (
			);
			runOnlyForDeploymentPostprocessing = 0;
		};
		5691EE772F58CE6600F06FCC /* Resources */ = {
			isa = PBXResourcesBuildPhase;
			buildActionMask = 2147483647;
			files = (
			);
			runOnlyForDeploymentPostprocessing = 0;
		};
/* End PBXResourcesBuildPhase section */

/* Begin PBXSourcesBuildPhase section */
		5611DA612DCB9CCB00F6A76A /* Sources */ = {
			isa = PBXSourcesBuildPhase;
			buildActionMask = 2147483647;
			files = (
			);
			runOnlyForDeploymentPostprocessing = 0;
		};
		5691EE752F58CE6600F06FCC /* Sources */ = {
			isa = PBXSourcesBuildPhase;
			buildActionMask = 2147483647;
			files = (
			);
			runOnlyForDeploymentPostprocessing = 0;
		};
/* End PBXSourcesBuildPhase section */

/* Begin PBXTargetDependency section */
		5691EEFB2F58D9BA00F06FCC /* PBXTargetDependency */ = {
			isa = PBXTargetDependency;
			target = 5691EE782F58CE6600F06FCC /* MeteoBlueWidgetExtension */;
			targetProxy = 5691EEFA2F58D9BA00F06FCC /* PBXContainerItemProxy */;
		};
/* End PBXTargetDependency section */

/* Begin XCBuildConfiguration section */
		5611DA842DCB9CCC00F6A76A /* Debug */ = {
			isa = XCBuildConfiguration;
			buildSettings = {
				ALWAYS_SEARCH_USER_PATHS = NO;
				ASSETCATALOG_COMPILER_GENERATE_SWIFT_ASSET_SYMBOL_EXTENSIONS = YES;
				CLANG_ANALYZER_LOCALIZABILITY_NONLOCALIZED = YES;
				CLANG_ANALYZER_NONNULL = YES;
				CLANG_ANALYZER_NUMBER_OBJECT_CONVERSION = YES_AGGRESSIVE;
				CLANG_CXX_LANGUAGE_STANDARD = "gnu++20";
				CLANG_ENABLE_MODULES = YES;
				CLANG_ENABLE_OBJC_ARC = YES;
				CLANG_ENABLE_OBJC_WEAK = YES;
				CLANG_WARN_BLOCK_CAPTURE_AUTORELEASING = YES;
				CLANG_WARN_BOOL_CONVERSION = YES;
				CLANG_WARN_COMMA = YES;
				CLANG_WARN_CONSTANT_CONVERSION = YES;
				CLANG_WARN_DEPRECATED_OBJC_IMPLEMENTATIONS = YES;
				CLANG_WARN_DIRECT_OBJC_ISA_USAGE = YES_ERROR;
				CLANG_WARN_DOCUMENTATION_COMMENTS = YES;
				CLANG_WARN_EMPTY_BODY = YES;
				CLANG_WARN_ENUM_CONVERSION = YES;
				CLANG_WARN_INFINITE_RECURSION = YES;
				CLANG_WARN_INT_CONVERSION = YES;
				CLANG_WARN_NON_LITERAL_NULL_CONVERSION = YES;
				CLANG_WARN_OBJC_IMPLICIT_RETAIN_SELF = YES;
				CLANG_WARN_OBJC_LITERAL_CONVERSION = YES;
				CLANG_WARN_OBJC_ROOT_CLASS = YES_ERROR;
				CLANG_WARN_QUOTED_INCLUDE_IN_FRAMEWORK_HEADER = YES;
				CLANG_WARN_RANGE_LOOP_ANALYSIS = YES;
				CLANG_WARN_STRICT_PROTOTYPES = YES;
				CLANG_WARN_SUSPICIOUS_MOVE = YES;
				CLANG_WARN_UNGUARDED_AVAILABILITY = YES_AGGRESSIVE;
				CLANG_WARN_UNREACHABLE_CODE = YES;
				CLANG_WARN__DUPLICATE_METHOD_MATCH = YES;
				COPY_PHASE_STRIP = NO;
				DEBUG_INFORMATION_FORMAT = dwarf;
				ENABLE_STRICT_OBJC_MSGSEND = YES;
				ENABLE_TESTABILITY = YES;
				ENABLE_USER_SCRIPT_SANDBOXING = YES;
				GCC_C_LANGUAGE_STANDARD = gnu17;
				GCC_DYNAMIC_NO_PIC = NO;
				GCC_NO_COMMON_BLOCKS = YES;
				GCC_OPTIMIZATION_LEVEL = 0;
				GCC_PREPROCESSOR_DEFINITIONS = (
					"DEBUG=1",
					"$(inherited)",
				);
				GCC_WARN_64_TO_32_BIT_CONVERSION = YES;
				GCC_WARN_ABOUT_RETURN_TYPE = YES_ERROR;
				GCC_WARN_UNDECLARED_SELECTOR = YES;
				GCC_WARN_UNINITIALIZED_AUTOS = YES_AGGRESSIVE;
				GCC_WARN_UNUSED_FUNCTION = YES;
				GCC_WARN_UNUSED_VARIABLE = YES;
				IPHONEOS_DEPLOYMENT_TARGET = 26.0;
				LOCALIZATION_PREFERS_STRING_CATALOGS = YES;
				MTL_ENABLE_DEBUG_INFO = INCLUDE_SOURCE;
				MTL_FAST_MATH = YES;
				ONLY_ACTIVE_ARCH = YES;
				SDKROOT = iphoneos;
				STRING_CATALOG_GENERATE_SYMBOLS = YES;
				SWIFT_ACTIVE_COMPILATION_CONDITIONS = "DEBUG $(inherited)";
				SWIFT_EMIT_LOC_STRINGS = YES;
				SWIFT_OPTIMIZATION_LEVEL = "-Onone";
			};
			name = Debug;
		};
		5611DA852DCB9CCC00F6A76A /* Release */ = {
			isa = XCBuildConfiguration;
			buildSettings = {
				ALWAYS_SEARCH_USER_PATHS = NO;
				ASSETCATALOG_COMPILER_GENERATE_SWIFT_ASSET_SYMBOL_EXTENSIONS = YES;
				CLANG_ANALYZER_LOCALIZABILITY_NONLOCALIZED = YES;
				CLANG_ANALYZER_NONNULL = YES;
				CLANG_ANALYZER_NUMBER_OBJECT_CONVERSION = YES_AGGRESSIVE;
				CLANG_CXX_LANGUAGE_STANDARD = "gnu++20";
				CLANG_ENABLE_MODULES = YES;
				CLANG_ENABLE_OBJC_ARC = YES;
				CLANG_ENABLE_OBJC_WEAK = YES;
				CLANG_WARN_BLOCK_CAPTURE_AUTORELEASING = YES;
				CLANG_WARN_BOOL_CONVERSION = YES;
				CLANG_WARN_COMMA = YES;
				CLANG_WARN_CONSTANT_CONVERSION = YES;
				CLANG_WARN_DEPRECATED_OBJC_IMPLEMENTATIONS = YES;
				CLANG_WARN_DIRECT_OBJC_ISA_USAGE = YES_ERROR;
				CLANG_WARN_DOCUMENTATION_COMMENTS = YES;
				CLANG_WARN_EMPTY_BODY = YES;
				CLANG_WARN_ENUM_CONVERSION = YES;
				CLANG_WARN_INFINITE_RECURSION = YES;
				CLANG_WARN_INT_CONVERSION = YES;
				CLANG_WARN_NON_LITERAL_NULL_CONVERSION = YES;
				CLANG_WARN_OBJC_IMPLICIT_RETAIN_SELF = YES;
				CLANG_WARN_OBJC_LITERAL_CONVERSION = YES;
				CLANG_WARN_OBJC_ROOT_CLASS = YES_ERROR;
				CLANG_WARN_QUOTED_INCLUDE_IN_FRAMEWORK_HEADER = YES;
				CLANG_WARN_RANGE_LOOP_ANALYSIS = YES;
				CLANG_WARN_STRICT_PROTOTYPES = YES;
				CLANG_WARN_SUSPICIOUS_MOVE = YES;
				CLANG_WARN_UNGUARDED_AVAILABILITY = YES_AGGRESSIVE;
				CLANG_WARN_UNREACHABLE_CODE = YES;
				CLANG_WARN__DUPLICATE_METHOD_MATCH = YES;
				COPY_PHASE_STRIP = NO;
				DEBUG_INFORMATION_FORMAT = "dwarf-with-dsym";
				ENABLE_NS_ASSERTIONS = NO;
				ENABLE_STRICT_OBJC_MSGSEND = YES;
				ENABLE_USER_SCRIPT_SANDBOXING = YES;
				GCC_C_LANGUAGE_STANDARD = gnu17;
				GCC_NO_COMMON_BLOCKS = YES;
				GCC_WARN_64_TO_32_BIT_CONVERSION = YES;
				GCC_WARN_ABOUT_RETURN_TYPE = YES_ERROR;
				GCC_WARN_UNDECLARED_SELECTOR = YES;
				GCC_WARN_UNINITIALIZED_AUTOS = YES_AGGRESSIVE;
				GCC_WARN_UNUSED_FUNCTION = YES;
				GCC_WARN_UNUSED_VARIABLE = YES;
				IPHONEOS_DEPLOYMENT_TARGET = 26.0;
				LOCALIZATION_PREFERS_STRING_CATALOGS = YES;
				MTL_ENABLE_DEBUG_INFO = NO;
				MTL_FAST_MATH = YES;
				SDKROOT = iphoneos;
				STRING_CATALOG_GENERATE_SYMBOLS = YES;
				SWIFT_COMPILATION_MODE = wholemodule;
				SWIFT_EMIT_LOC_STRINGS = YES;
				VALIDATE_PRODUCT = YES;
			};
			name = Release;
		};
		5611DA872DCB9CCC00F6A76A /* Debug */ = {
			isa = XCBuildConfiguration;
			buildSettings = {
				ASSETCATALOG_COMPILER_APPICON_NAME = AppIcon;
				ASSETCATALOG_COMPILER_GLOBAL_ACCENT_COLOR_NAME = AccentColor;
				ASSETCATALOG_COMPILER_INCLUDE_ALL_APPICON_ASSETS = NO;
				CODE_SIGN_ENTITLEMENTS = MeteoBlueUI/MeteoBlueUI.entitlements;
				CODE_SIGN_STYLE = Automatic;
				CURRENT_PROJECT_VERSION = 1;
				DEVELOPMENT_TEAM = KC74NH6SS8;
				ENABLE_PREVIEWS = YES;
				GENERATE_INFOPLIST_FILE = YES;
				INFOPLIST_KEY_CFBundleDisplayName = MeteoBlueUI;
				INFOPLIST_KEY_NSLocationWhenInUseUsageDescription = "We use your location to give forecast from where you are";
				INFOPLIST_KEY_UIApplicationSceneManifest_Generation = YES;
				INFOPLIST_KEY_UIApplicationSupportsIndirectInputEvents = YES;
				INFOPLIST_KEY_UILaunchScreen_Generation = YES;
				INFOPLIST_KEY_UISupportedInterfaceOrientations_iPad = "UIInterfaceOrientationPortrait UIInterfaceOrientationPortraitUpsideDown UIInterfaceOrientationLandscapeLeft UIInterfaceOrientationLandscapeRight";
				INFOPLIST_KEY_UISupportedInterfaceOrientations_iPhone = "UIInterfaceOrientationPortrait UIInterfaceOrientationLandscapeLeft UIInterfaceOrientationLandscapeRight";
				LD_RUNPATH_SEARCH_PATHS = (
					"$(inherited)",
					"@executable_path/Frameworks",
				);
				MARKETING_VERSION = 1.6.0;
				PRODUCT_BUNDLE_IDENTIFIER = com.zareix.MeteoBlueUI;
				PRODUCT_NAME = "$(TARGET_NAME)";
				SWIFT_EMIT_LOC_STRINGS = YES;
				SWIFT_VERSION = 5.0;
				TARGETED_DEVICE_FAMILY = "1,2";
			};
			name = Debug;
		};
		5611DA882DCB9CCC00F6A76A /* Release */ = {
			isa = XCBuildConfiguration;
			buildSettings = {
				ASSETCATALOG_COMPILER_APPICON_NAME = AppIcon;
				ASSETCATALOG_COMPILER_GLOBAL_ACCENT_COLOR_NAME = AccentColor;
				ASSETCATALOG_COMPILER_INCLUDE_ALL_APPICON_ASSETS = NO;
				CODE_SIGN_ENTITLEMENTS = MeteoBlueUI/MeteoBlueUI.entitlements;
				CODE_SIGN_STYLE = Automatic;
				CURRENT_PROJECT_VERSION = 1;
				DEVELOPMENT_TEAM = KC74NH6SS8;
				ENABLE_PREVIEWS = YES;
				GENERATE_INFOPLIST_FILE = YES;
				INFOPLIST_KEY_CFBundleDisplayName = MeteoBlueUI;
				INFOPLIST_KEY_NSLocationWhenInUseUsageDescription = "We use your location to give forecast from where you are";
				INFOPLIST_KEY_UIApplicationSceneManifest_Generation = YES;
				INFOPLIST_KEY_UIApplicationSupportsIndirectInputEvents = YES;
				INFOPLIST_KEY_UILaunchScreen_Generation = YES;
				INFOPLIST_KEY_UISupportedInterfaceOrientations_iPad = "UIInterfaceOrientationPortrait UIInterfaceOrientationPortraitUpsideDown UIInterfaceOrientationLandscapeLeft UIInterfaceOrientationLandscapeRight";
				INFOPLIST_KEY_UISupportedInterfaceOrientations_iPhone = "UIInterfaceOrientationPortrait UIInterfaceOrientationLandscapeLeft UIInterfaceOrientationLandscapeRight";
				LD_RUNPATH_SEARCH_PATHS = (
					"$(inherited)",
					"@executable_path/Frameworks",
				);
				MARKETING_VERSION = 1.6.0;
				PRODUCT_BUNDLE_IDENTIFIER = com.zareix.MeteoBlueUI;
				PRODUCT_NAME = "$(TARGET_NAME)";
				SWIFT_EMIT_LOC_STRINGS = YES;
				SWIFT_VERSION = 5.0;
				TARGETED_DEVICE_FAMILY = "1,2";
			};
			name = Release;
		};
		5691EE8D2F58CE6600F06FCC /* Debug */ = {
			isa = XCBuildConfiguration;
			buildSettings = {
				ASSETCATALOG_COMPILER_GLOBAL_ACCENT_COLOR_NAME = AccentColor;
				ASSETCATALOG_COMPILER_WIDGET_BACKGROUND_COLOR_NAME = WidgetBackground;
				CODE_SIGN_ENTITLEMENTS = MeteoBlueWidget/MeteoBlueWidgetExtension.entitlements;
				CODE_SIGN_STYLE = Automatic;
				CURRENT_PROJECT_VERSION = 1;
				DEVELOPMENT_TEAM = KC74NH6SS8;
				GENERATE_INFOPLIST_FILE = YES;
				INFOPLIST_FILE = MeteoBlueWidget/Info.plist;
				INFOPLIST_KEY_CFBundleDisplayName = MeteoBlueWidget;
				INFOPLIST_KEY_NSHumanReadableCopyright = "";
				IPHONEOS_DEPLOYMENT_TARGET = 26.0;
				LD_RUNPATH_SEARCH_PATHS = (
					"$(inherited)",
					"@executable_path/Frameworks",
					"@executable_path/../../Frameworks",
				);
				MARKETING_VERSION = 1.6.0;
				PRODUCT_BUNDLE_IDENTIFIER = com.zareix.MeteoBlueUI.MeteoBlueWidget;
				PRODUCT_NAME = "$(TARGET_NAME)";
				SKIP_INSTALL = YES;
				STRING_CATALOG_GENERATE_SYMBOLS = YES;
				SWIFT_APPROACHABLE_CONCURRENCY = YES;
				SWIFT_EMIT_LOC_STRINGS = YES;
				SWIFT_UPCOMING_FEATURE_MEMBER_IMPORT_VISIBILITY = YES;
				SWIFT_VERSION = 5.0;
				TARGETED_DEVICE_FAMILY = "1,2";
			};
			name = Debug;
		};
		5691EE8E2F58CE6600F06FCC /* Release */ = {
			isa = XCBuildConfiguration;
			buildSettings = {
				ASSETCATALOG_COMPILER_GLOBAL_ACCENT_COLOR_NAME = AccentColor;
				ASSETCATALOG_COMPILER_WIDGET_BACKGROUND_COLOR_NAME = WidgetBackground;
				CODE_SIGN_ENTITLEMENTS = MeteoBlueWidget/MeteoBlueWidgetExtension.entitlements;
				CODE_SIGN_STYLE = Automatic;
				CURRENT_PROJECT_VERSION = 1;
				DEVELOPMENT_TEAM = KC74NH6SS8;
				GENERATE_INFOPLIST_FILE = YES;
				INFOPLIST_FILE = MeteoBlueWidget/Info.plist;
				INFOPLIST_KEY_CFBundleDisplayName = MeteoBlueWidget;
				INFOPLIST_KEY_NSHumanReadableCopyright = "";
				IPHONEOS_DEPLOYMENT_TARGET = 26.0;
				LD_RUNPATH_SEARCH_PATHS = (
					"$(inherited)",
					"@executable_path/Frameworks",
					"@executable_path/../../Frameworks",
				);
				MARKETING_VERSION = 1.6.0;
				PRODUCT_BUNDLE_IDENTIFIER = com.zareix.MeteoBlueUI.MeteoBlueWidget;
				PRODUCT_NAME = "$(TARGET_NAME)";
				SKIP_INSTALL = YES;
				STRING_CATALOG_GENERATE_SYMBOLS = YES;
				SWIFT_APPROACHABLE_CONCURRENCY = YES;
				SWIFT_EMIT_LOC_STRINGS = YES;
				SWIFT_UPCOMING_FEATURE_MEMBER_IMPORT_VISIBILITY = YES;
				SWIFT_VERSION = 5.0;
				TARGETED_DEVICE_FAMILY = "1,2";
			};
			name = Release;
		};
/* End XCBuildConfiguration section */

/* Begin XCConfigurationList section */
		5611DA602DCB9CCB00F6A76A /* Build configuration list for PBXProject "MeteoBlueUI" */ = {
			isa = XCConfigurationList;
			buildConfigurations = (
				5611DA842DCB9CCC00F6A76A /* Debug */,
				5611DA852DCB9CCC00F6A76A /* Release */,
			);
			defaultConfigurationIsVisible = 0;
			defaultConfigurationName = Release;
		};
		5611DA862DCB9CCC00F6A76A /* Build configuration list for PBXNativeTarget "MeteoBlueUI" */ = {
			isa = XCConfigurationList;
			buildConfigurations = (
				5611DA872DCB9CCC00F6A76A /* Debug */,
				5611DA882DCB9CCC00F6A76A /* Release */,
			);
			defaultConfigurationIsVisible = 0;
			defaultConfigurationName = Release;
		};
		5691EE8C2F58CE6600F06FCC /* Build configuration list for PBXNativeTarget "MeteoBlueWidgetExtension" */ = {
			isa = XCConfigurationList;
			buildConfigurations = (
				5691EE8D2F58CE6600F06FCC /* Debug */,
				5691EE8E2F58CE6600F06FCC /* Release */,
			);
			defaultConfigurationIsVisible = 0;
			defaultConfigurationName = Release;
		};
/* End XCConfigurationList section */

/* Begin XCRemoteSwiftPackageReference section */
		5628789F2DD229E4005268C6 /* XCRemoteSwiftPackageReference "KeychainAccess" */ = {
			isa = XCRemoteSwiftPackageReference;
			repositoryURL = "https://github.com/kishikawakatsumi/KeychainAccess.git";
			requirement = {
				branch = master;
				kind = branch;
			};
		};
/* End XCRemoteSwiftPackageReference section */

/* Begin XCSwiftPackageProductDependency section */
		562878A02DD22A09005268C6 /* KeychainAccess */ = {
			isa = XCSwiftPackageProductDependency;
			package = 5628789F2DD229E4005268C6 /* XCRemoteSwiftPackageReference "KeychainAccess" */;
			productName = KeychainAccess;
		};
		5691EEF62F58D41E00F06FCC /* KeychainAccess */ = {
			isa = XCSwiftPackageProductDependency;
			package = 5628789F2DD229E4005268C6 /* XCRemoteSwiftPackageReference "KeychainAccess" */;
			productName = KeychainAccess;
		};
/* End XCSwiftPackageProductDependency section */
	};
	rootObject = 5611DA5D2DCB9CCB00F6A76A /* Project object */;
}
